// !$*UTF8*$!
{
	archiveVersion = 1;
	classes = {
	};
	objectVersion = 56;
	objects = {

/* Begin PBXBuildFile section */
		EB2B1AB92AFD95C5009D5DD5 /* AppDelegate.swift in Sources */ = {isa = PBXBuildFile; fileRef = EB2B1AB82AFD95C5009D5DD5 /* AppDelegate.swift */; };
		EB2B1ABB2AFD95C5009D5DD5 /* SceneDelegate.swift in Sources */ = {isa = PBXBuildFile; fileRef = EB2B1ABA2AFD95C5009D5DD5 /* SceneDelegate.swift */; };
		EB2B1ABD2AFD95C5009D5DD5 /* ViewController.swift in Sources */ = {isa = PBXBuildFile; fileRef = EB2B1ABC2AFD95C5009D5DD5 /* ViewController.swift */; };
		EB2B1AC02AFD95C5009D5DD5 /* Main.storyboard in Resources */ = {isa = PBXBuildFile; fileRef = EB2B1ABE2AFD95C5009D5DD5 /* Main.storyboard */; };
		EB2B1AC22AFD95C6009D5DD5 /* Assets.xcassets in Resources */ = {isa = PBXBuildFile; fileRef = EB2B1AC12AFD95C6009D5DD5 /* Assets.xcassets */; };
		EB2B1AC52AFD95C6009D5DD5 /* LaunchScreen.storyboard in Resources */ = {isa = PBXBuildFile; fileRef = EB2B1AC32AFD95C6009D5DD5 /* LaunchScreen.storyboard */; };
		EB2B1AD02AFD95C6009D5DD5 /* HackwichTenTests.swift in Sources */ = {isa = PBXBuildFile; fileRef = EB2B1ACF2AFD95C6009D5DD5 /* HackwichTenTests.swift */; };
		EB2B1ADA2AFD95C6009D5DD5 /* HackwichTenUITests.swift in Sources */ = {isa = PBXBuildFile; fileRef = EB2B1AD92AFD95C6009D5DD5 /* HackwichTenUITests.swift */; };
		EB2B1ADC2AFD95C6009D5DD5 /* HackwichTenUITestsLaunchTests.swift in Sources */ = {isa = PBXBuildFile; fileRef = EB2B1ADB2AFD95C6009D5DD5 /* HackwichTenUITestsLaunchTests.swift */; };
/* End PBXBuildFile section */

/* Begin PBXContainerItemProxy section */
		EB2B1ACC2AFD95C6009D5DD5 /* PBXContainerItemProxy */ = {
			isa = PBXContainerItemProxy;
			containerPortal = EB2B1AAD2AFD95C5009D5DD5 /* Project object */;
			proxyType = 1;
			remoteGlobalIDString = EB2B1AB42AFD95C5009D5DD5;
			remoteInfo = HackwichTen;
		};
		EB2B1AD62AFD95C6009D5DD5 /* PBXContainerItemProxy */ = {
			isa = PBXContainerItemProxy;
			containerPortal = EB2B1AAD2AFD95C5009D5DD5 /* Project object */;
			proxyType = 1;
			remoteGlobalIDString = EB2B1AB42AFD95C5009D5DD5;
			remoteInfo = HackwichTen;
		};
/* End PBXContainerItemProxy section */

/* Begin PBXFileReference section */
		EB2B1AB52AFD95C5009D5DD5 /* HackwichTen.app */ = {isa = PBXFileReference; explicitFileType = wrapper.application; includeInIndex = 0; path = HackwichTen.app; sourceTree = BUILT_PRODUCTS_DIR; };
		EB2B1AB82AFD95C5009D5DD5 /* AppDelegate.swift */ = {isa = PBXFileReference; lastKnownFileType = sourcecode.swift; path = AppDelegate.swift; sourceTree = "<group>"; };
		EB2B1ABA2AFD95C5009D5DD5 /* SceneDelegate.swift */ = {isa = PBXFileReference; lastKnownFileType = sourcecode.swift; path = SceneDelegate.swift; sourceTree = "<group>"; };
		EB2B1ABC2AFD95C5009D5DD5 /* ViewController.swift */ = {isa = PBXFileReference; lastKnownFileType = sourcecode.swift; path = ViewController.swift; sourceTree = "<group>"; };
		EB2B1ABF2AFD95C5009D5DD5 /* Base */ = {isa = PBXFileReference; lastKnownFileType = file.storyboard; name = Base; path = Base.lproj/Main.storyboard; sourceTree = "<group>"; };
		EB2B1AC12AFD95C6009D5DD5 /* Assets.xcassets */ = {isa = PBXFileReference; lastKnownFileType = folder.assetcatalog; path = Assets.xcassets; sourceTree = "<group>"; };
		EB2B1AC42AFD95C6009D5DD5 /* Base */ = {isa = PBXFileReference; lastKnownFileType = file.storyboard; name = Base; path = Base.lproj/LaunchScreen.storyboard; sourceTree = "<group>"; };
		EB2B1AC62AFD95C6009D5DD5 /* Info.plist */ = {isa = PBXFileReference; lastKnownFileType = text.plist.xml; path = Info.plist; sourceTree = "<group>"; };
		EB2B1ACB2AFD95C6009D5DD5 /* HackwichTenTests.xctest */ = {isa = PBXFileReference; explicitFileType = wrapper.cfbundle; includeInIndex = 0; path = HackwichTenTests.xctest; sourceTree = BUILT_PRODUCTS_DIR; };
		EB2B1ACF2AFD95C6009D5DD5 /* HackwichTenTests.swift */ = {isa = PBXFileReference; lastKnownFileType = sourcecode.swift; path = HackwichTenTests.swift; sourceTree = "<group>"; };
		EB2B1AD52AFD95C6009D5DD5 /* HackwichTenUITests.xctest */ = {isa = PBXFileReference; explicitFileType = wrapper.cfbundle; includeInIndex = 0; path = HackwichTenUITests.xctest; sourceTree = BUILT_PRODUCTS_DIR; };
		EB2B1AD92AFD95C6009D5DD5 /* HackwichTenUITests.swift */ = {isa = PBXFileReference; lastKnownFileType = sourcecode.swift; path = HackwichTenUITests.swift; sourceTree = "<group>"; };
		EB2B1ADB2AFD95C6009D5DD5 /* HackwichTenUITestsLaunchTests.swift */ = {isa = PBXFileReference; lastKnownFileType = sourcecode.swift; path = HackwichTenUITestsLaunchTests.swift; sourceTree = "<group>"; };
/* End PBXFileReference section */

/* Begin PBXFrameworksBuildPhase section */
		EB2B1AB22AFD95C5009D5DD5 /* Frameworks */ = {
			isa = PBXFrameworksBuildPhase;
			buildActionMask = 2147483647;
			files = (
			);
			runOnlyForDeploymentPostprocessing = 0;
		};
		EB2B1AC82AFD95C6009D5DD5 /* Frameworks */ = {
			isa = PBXFrameworksBuildPhase;
			buildActionMask = 2147483647;
			files = (
			);
			runOnlyForDeploymentPostprocessing = 0;
		};
		EB2B1AD22AFD95C6009D5DD5 /* Frameworks */ = {
			isa = PBXFrameworksBuildPhase;
			buildActionMask = 2147483647;
			files = (
			);
			runOnlyForDeploymentPostprocessing = 0;
		};
/* End PBXFrameworksBuildPhase section */

/* Begin PBXGroup section */
		EB2B1AAC2AFD95C5009D5DD5 = {
			isa = PBXGroup;
			children = (
				EB2B1AB72AFD95C5009D5DD5 /* HackwichTen */,
				EB2B1ACE2AFD95C6009D5DD5 /* HackwichTenTests */,
				EB2B1AD82AFD95C6009D5DD5 /* HackwichTenUITests */,
				EB2B1AB62AFD95C5009D5DD5 /* Products */,
			);
			sourceTree = "<group>";
		};
		EB2B1AB62AFD95C5009D5DD5 /* Products */ = {
			isa = PBXGroup;
			children = (
				EB2B1AB52AFD95C5009D5DD5 /* HackwichTen.app */,
				EB2B1ACB2AFD95C6009D5DD5 /* HackwichTenTests.xctest */,
				EB2B1AD52AFD95C6009D5DD5 /* HackwichTenUITests.xctest */,
			);
			name = Products;
			sourceTree = "<group>";
		};
		EB2B1AB72AFD95C5009D5DD5 /* HackwichTen */ = {
			isa = PBXGroup;
			children = (
				EB2B1AB82AFD95C5009D5DD5 /* AppDelegate.swift */,
				EB2B1ABA2AFD95C5009D5DD5 /* SceneDelegate.swift */,
				EB2B1ABC2AFD95C5009D5DD5 /* ViewController.swift */,
				EB2B1ABE2AFD95C5009D5DD5 /* Main.storyboard */,
				EB2B1AC12AFD95C6009D5DD5 /* Assets.xcassets */,
				EB2B1AC32AFD95C6009D5DD5 /* LaunchScreen.storyboard */,
				EB2B1AC62AFD95C6009D5DD5 /* Info.plist */,
			);
			path = HackwichTen;
			sourceTree = "<group>";
		};
		EB2B1ACE2AFD95C6009D5DD5 /* HackwichTenTests */ = {
			isa = PBXGroup;
			children = (
				EB2B1ACF2AFD95C6009D5DD5 /* HackwichTenTests.swift */,
			);
			path = HackwichTenTests;
			sourceTree = "<group>";
		};
		EB2B1AD82AFD95C6009D5DD5 /* HackwichTenUITests */ = {
			isa = PBXGroup;
			children = (
				EB2B1AD92AFD95C6009D5DD5 /* HackwichTenUITests.swift */,
				EB2B1ADB2AFD95C6009D5DD5 /* HackwichTenUITestsLaunchTests.swift */,
			);
			path = HackwichTenUITests;
			sourceTree = "<group>";
		};
/* End PBXGroup section */

/* Begin PBXNativeTarget section */
		EB2B1AB42AFD95C5009D5DD5 /* HackwichTen */ = {
			isa = PBXNativeTarget;
			buildConfigurationList = EB2B1ADF2AFD95C6009D5DD5 /* Build configuration list for PBXNativeTarget "HackwichTen" */;
			buildPhases = (
				EB2B1AB12AFD95C5009D5DD5 /* Sources */,
				EB2B1AB22AFD95C5009D5DD5 /* Frameworks */,
				EB2B1AB32AFD95C5009D5DD5 /* Resources */,
			);
			buildRules = (
			);
			dependencies = (
			);
			name = HackwichTen;
			productName = HackwichTen;
			productReference = EB2B1AB52AFD95C5009D5DD5 /* HackwichTen.app */;
			productType = "com.apple.product-type.application";
		};
		EB2B1ACA2AFD95C6009D5DD5 /* HackwichTenTests */ = {
			isa = PBXNativeTarget;
			buildConfigurationList = EB2B1AE22AFD95C6009D5DD5 /* Build configuration list for PBXNativeTarget "HackwichTenTests" */;
			buildPhases = (
				EB2B1AC72AFD95C6009D5DD5 /* Sources */,
				EB2B1AC82AFD95C6009D5DD5 /* Frameworks */,
				EB2B1AC92AFD95C6009D5DD5 /* Resources */,
			);
			buildRules = (
			);
			dependencies = (
				EB2B1ACD2AFD95C6009D5DD5 /* PBXTargetDependency */,
			);
			name = HackwichTenTests;
			productName = HackwichTenTests;
			productReference = EB2B1ACB2AFD95C6009D5DD5 /* HackwichTenTests.xctest */;
			productType = "com.apple.product-type.bundle.unit-test";
		};
		EB2B1AD42AFD95C6009D5DD5 /* HackwichTenUITests */ = {
			isa = PBXNativeTarget;
			buildConfigurationList = EB2B1AE52AFD95C6009D5DD5 /* Build configuration list for PBXNativeTarget "HackwichTenUITests" */;
			buildPhases = (
				EB2B1AD12AFD95C6009D5DD5 /* Sources */,
				EB2B1AD22AFD95C6009D5DD5 /* Frameworks */,
				EB2B1AD32AFD95C6009D5DD5 /* Resources */,
			);
			buildRules = (
			);
			dependencies = (
				EB2B1AD72AFD95C6009D5DD5 /* PBXTargetDependency */,
			);
			name = HackwichTenUITests;
			productName = HackwichTenUITests;
			productReference = EB2B1AD52AFD95C6009D5DD5 /* HackwichTenUITests.xctest */;
			productType = "com.apple.product-type.bundle.ui-testing";
		};
/* End PBXNativeTarget section */

/* Begin PBXProject section */
		EB2B1AAD2AFD95C5009D5DD5 /* Project object */ = {
			isa = PBXProject;
			attributes = {
				BuildIndependentTargetsInParallel = 1;
				LastSwiftUpdateCheck = 1430;
				LastUpgradeCheck = 1430;
				TargetAttributes = {
					EB2B1AB42AFD95C5009D5DD5 = {
						CreatedOnToolsVersion = 14.3.1;
					};
					EB2B1ACA2AFD95C6009D5DD5 = {
						CreatedOnToolsVersion = 14.3.1;
						TestTargetID = EB2B1AB42AFD95C5009D5DD5;
					};
					EB2B1AD42AFD95C6009D5DD5 = {
						CreatedOnToolsVersion = 14.3.1;
						TestTargetID = EB2B1AB42AFD95C5009D5DD5;
					};
				};
			};
			buildConfigurationList = EB2B1AB02AFD95C5009D5DD5 /* Build configuration list for PBXProject "HackwichTen" */;
			compatibilityVersion = "Xcode 14.0";
			developmentRegion = en;
			hasScannedForEncodings = 0;
			knownRegions = (
				en,
				Base,
			);
			mainGroup = EB2B1AAC2AFD95C5009D5DD5;
			productRefGroup = EB2B1AB62AFD95C5009D5DD5 /* Products */;
			projectDirPath = "";
			projectRoot = "";
			targets = (
				EB2B1AB42AFD95C5009D5DD5 /* HackwichTen */,
				EB2B1ACA2AFD95C6009D5DD5 /* HackwichTenTests */,
				EB2B1AD42AFD95C6009D5DD5 /* HackwichTenUITests */,
			);
		};
/* End PBXProject section */

/* Begin PBXResourcesBuildPhase section */
		EB2B1AB32AFD95C5009D5DD5 /* Resources */ = {
			isa = PBXResourcesBuildPhase;
			buildActionMask = 2147483647;
			files = (
				EB2B1AC52AFD95C6009D5DD5 /* LaunchScreen.storyboard in Resources */,
				EB2B1AC22AFD95C6009D5DD5 /* Assets.xcassets in Resources */,
				EB2B1AC02AFD95C5009D5DD5 /* Main.storyboard in Resources */,
			);
			runOnlyForDeploymentPostprocessing = 0;
		};
		EB2B1AC92AFD95C6009D5DD5 /* Resources */ = {
			isa = PBXResourcesBuildPhase;
			buildActionMask = 2147483647;
			files = (
			);
			runOnlyForDeploymentPostprocessing = 0;
		};
		EB2B1AD32AFD95C6009D5DD5 /* Resources */ = {
			isa = PBXResourcesBuildPhase;
			buildActionMask = 2147483647;
			files = (
			);
			runOnlyForDeploymentPostprocessing = 0;
		};
/* End PBXResourcesBuildPhase section */

/* Begin PBXSourcesBuildPhase section */
		EB2B1AB12AFD95C5009D5DD5 /* Sources */ = {
			isa = PBXSourcesBuildPhase;
			buildActionMask = 2147483647;
			files = (
				EB2B1ABD2AFD95C5009D5DD5 /* ViewController.swift in Sources */,
				EB2B1AB92AFD95C5009D5DD5 /* AppDelegate.swift in Sources */,
				EB2B1ABB2AFD95C5009D5DD5 /* SceneDelegate.swift in Sources */,
			);
			runOnlyForDeploymentPostprocessing = 0;
		};
		EB2B1AC72AFD95C6009D5DD5 /* Sources */ = {
			isa = PBXSourcesBuildPhase;
			buildActionMask = 2147483647;
			files = (
				EB2B1AD02AFD95C6009D5DD5 /* HackwichTenTests.swift in Sources */,
			);
			runOnlyForDeploymentPostprocessing = 0;
		};
		EB2B1AD12AFD95C6009D5DD5 /* Sources */ = {
			isa = PBXSourcesBuildPhase;
			buildActionMask = 2147483647;
			files = (
				EB2B1ADC2AFD95C6009D5DD5 /* HackwichTenUITestsLaunchTests.swift in Sources */,
				EB2B1ADA2AFD95C6009D5DD5 /* HackwichTenUITests.swift in Sources */,
			);
			runOnlyForDeploymentPostprocessing = 0;
		};
/* End PBXSourcesBuildPhase section */

/* Begin PBXTargetDependency section */
		EB2B1ACD2AFD95C6009D5DD5 /* PBXTargetDependency */ = {
			isa = PBXTargetDependency;
			target = EB2B1AB42AFD95C5009D5DD5 /* HackwichTen */;
			targetProxy = EB2B1ACC2AFD95C6009D5DD5 /* PBXContainerItemProxy */;
		};
		EB2B1AD72AFD95C6009D5DD5 /* PBXTargetDependency */ = {
			isa = PBXTargetDependency;
			target = EB2B1AB42AFD95C5009D5DD5 /* HackwichTen */;
			targetProxy = EB2B1AD62AFD95C6009D5DD5 /* PBXContainerItemProxy */;
		};
/* End PBXTargetDependency section */

/* Begin PBXVariantGroup section */
		EB2B1ABE2AFD95C5009D5DD5 /* Main.storyboard */ = {
			isa = PBXVariantGroup;
			children = (
				EB2B1ABF2AFD95C5009D5DD5 /* Base */,
			);
			name = Main.storyboard;
			sourceTree = "<group>";
		};
		EB2B1AC32AFD95C6009D5DD5 /* LaunchScreen.storyboard */ = {
			isa = PBXVariantGroup;
			children = (
				EB2B1AC42AFD95C6009D5DD5 /* Base */,
			);
			name = LaunchScreen.storyboard;
			sourceTree = "<group>";
		};
/* End PBXVariantGroup section */

/* Begin XCBuildConfiguration section */
		EB2B1ADD2AFD95C6009D5DD5 /* Debug */ = {
			isa = XCBuildConfiguration;
			buildSettings = {
				ALWAYS_SEARCH_USER_PATHS = NO;
				CLANG_ANALYZER_NONNULL = YES;
				CLANG_ANALYZER_NUMBER_OBJECT_CONVERSION = YES_AGGRESSIVE;
				CLANG_CXX_LANGUAGE_STANDARD = "gnu++20";
				CLANG_ENABLE_MODULES = YES;
				CLANG_ENABLE_OBJC_ARC = YES;
				CLANG_ENABLE_OBJC_WEAK = YES;
				CLANG_WARN_BLOCK_CAPTURE_AUTORELEASING = YES;
				CLANG_WARN_BOOL_CONVERSION = YES;
				CLANG_WARN_COMMA = YES;
				CLANG_WARN_CONSTANT_CONVERSION = YES;
				CLANG_WARN_DEPRECATED_OBJC_IMPLEMENTATIONS = YES;
				CLANG_WARN_DIRECT_OBJC_ISA_USAGE = YES_ERROR;
				CLANG_WARN_DOCUMENTATION_COMMENTS = YES;
				CLANG_WARN_EMPTY_BODY = YES;
				CLANG_WARN_ENUM_CONVERSION = YES;
				CLANG_WARN_INFINITE_RECURSION = YES;
				CLANG_WARN_INT_CONVERSION = YES;
				CLANG_WARN_NON_LITERAL_NULL_CONVERSION = YES;
				CLANG_WARN_OBJC_IMPLICIT_RETAIN_SELF = YES;
				CLANG_WARN_OBJC_LITERAL_CONVERSION = YES;
				CLANG_WARN_OBJC_ROOT_CLASS = YES_ERROR;
				CLANG_WARN_QUOTED_INCLUDE_IN_FRAMEWORK_HEADER = YES;
				CLANG_WARN_RANGE_LOOP_ANALYSIS = YES;
				CLANG_WARN_STRICT_PROTOTYPES = YES;
				CLANG_WARN_SUSPICIOUS_MOVE = YES;
				CLANG_WARN_UNGUARDED_AVAILABILITY = YES_AGGRESSIVE;
				CLANG_WARN_UNREACHABLE_CODE = YES;
				CLANG_WARN__DUPLICATE_METHOD_MATCH = YES;
				COPY_PHASE_STRIP = NO;
				DEBUG_INFORMATION_FORMAT = dwarf;
				ENABLE_STRICT_OBJC_MSGSEND = YES;
				ENABLE_TESTABILITY = YES;
				GCC_C_LANGUAGE_STANDARD = gnu11;
				GCC_DYNAMIC_NO_PIC = NO;
				GCC_NO_COMMON_BLOCKS = YES;
				GCC_OPTIMIZATION_LEVEL = 0;
				GCC_PREPROCESSOR_DEFINITIONS = (
					"DEBUG=1",
					"$(inherited)",
				);
				GCC_WARN_64_TO_32_BIT_CONVERSION = YES;
				GCC_WARN_ABOUT_RETURN_TYPE = YES_ERROR;
				GCC_WARN_UNDECLARED_SELECTOR = YES;
				GCC_WARN_UNINITIALIZED_AUTOS = YES_AGGRESSIVE;
				GCC_WARN_UNUSED_FUNCTION = YES;
				GCC_WARN_UNUSED_VARIABLE = YES;
				IPHONEOS_DEPLOYMENT_TARGET = 16.4;
				MTL_ENABLE_DEBUG_INFO = INCLUDE_SOURCE;
				MTL_FAST_MATH = YES;
				ONLY_ACTIVE_ARCH = YES;
				SDKROOT = iphoneos;
				SWIFT_ACTIVE_COMPILATION_CONDITIONS = DEBUG;
				SWIFT_OPTIMIZATION_LEVEL = "-Onone";
			};
			name = Debug;
		};
		EB2B1ADE2AFD95C6009D5DD5 /* Release */ = {
			isa = XCBuildConfiguration;
			buildSettings = {
				ALWAYS_SEARCH_USER_PATHS = NO;
				CLANG_ANALYZER_NONNULL = YES;
				CLANG_ANALYZER_NUMBER_OBJECT_CONVERSION = YES_AGGRESSIVE;
				CLANG_CXX_LANGUAGE_STANDARD = "gnu++20";
				CLANG_ENABLE_MODULES = YES;
				CLANG_ENABLE_OBJC_ARC = YES;
				CLANG_ENABLE_OBJC_WEAK = YES;
				CLANG_WARN_BLOCK_CAPTURE_AUTORELEASING = YES;
				CLANG_WARN_BOOL_CONVERSION = YES;
				CLANG_WARN_COMMA = YES;
				CLANG_WARN_CONSTANT_CONVERSION = YES;
				CLANG_WARN_DEPRECATED_OBJC_IMPLEMENTATIONS = YES;
				CLANG_WARN_DIRECT_OBJC_ISA_USAGE = YES_ERROR;
				CLANG_WARN_DOCUMENTATION_COMMENTS = YES;
				CLANG_WARN_EMPTY_BODY = YES;
				CLANG_WARN_ENUM_CONVERSION = YES;
				CLANG_WARN_INFINITE_RECURSION = YES;
				CLANG_WARN_INT_CONVERSION = YES;
				CLANG_WARN_NON_LITERAL_NULL_CONVERSION = YES;
				CLANG_WARN_OBJC_IMPLICIT_RETAIN_SELF = YES;
				CLANG_WARN_OBJC_LITERAL_CONVERSION = YES;
				CLANG_WARN_OBJC_ROOT_CLASS = YES_ERROR;
				CLANG_WARN_QUOTED_INCLUDE_IN_FRAMEWORK_HEADER = YES;
				CLANG_WARN_RANGE_LOOP_ANALYSIS = YES;
				CLANG_WARN_STRICT_PROTOTYPES = YES;
				CLANG_WARN_SUSPICIOUS_MOVE = YES;
				CLANG_WARN_UNGUARDED_AVAILABILITY = YES_AGGRESSIVE;
				CLANG_WARN_UNREACHABLE_CODE = YES;
				CLANG_WARN__DUPLICATE_METHOD_MATCH = YES;
				COPY_PHASE_STRIP = NO;
				DEBUG_INFORMATION_FORMAT = "dwarf-with-dsym";
				ENABLE_NS_ASSERTIONS = NO;
				ENABLE_STRICT_OBJC_MSGSEND = YES;
				GCC_C_LANGUAGE_STANDARD = gnu11;
				GCC_NO_COMMON_BLOCKS = YES;
				GCC_WARN_64_TO_32_BIT_CONVERSION = YES;
				GCC_WARN_ABOUT_RETURN_TYPE = YES_ERROR;
				GCC_WARN_UNDECLARED_SELECTOR = YES;
				GCC_WARN_UNINITIALIZED_AUTOS = YES_AGGRESSIVE;
				GCC_WARN_UNUSED_FUNCTION = YES;
				GCC_WARN_UNUSED_VARIABLE = YES;
				IPHONEOS_DEPLOYMENT_TARGET = 16.4;
				MTL_ENABLE_DEBUG_INFO = NO;
				MTL_FAST_MATH = YES;
				SDKROOT = iphoneos;
				SWIFT_COMPILATION_MODE = wholemodule;
				SWIFT_OPTIMIZATION_LEVEL = "-O";
				VALIDATE_PRODUCT = YES;
			};
			name = Release;
		};
		EB2B1AE02AFD95C6009D5DD5 /* Debug */ = {
			isa = XCBuildConfiguration;
			buildSettings = {
				ASSETCATALOG_COMPILER_APPICON_NAME = AppIcon;
				ASSETCATALOG_COMPILER_GLOBAL_ACCENT_COLOR_NAME = AccentColor;
				CODE_SIGN_STYLE = Automatic;
				CURRENT_PROJECT_VERSION = 1;
				DEVELOPMENT_TEAM = X33LGJYSV5;
				GENERATE_INFOPLIST_FILE = YES;
				INFOPLIST_FILE = HackwichTen/Info.plist;
				INFOPLIST_KEY_UIApplicationSupportsIndirectInputEvents = YES;
				INFOPLIST_KEY_UILaunchStoryboardName = LaunchScreen;
				INFOPLIST_KEY_UIMainStoryboardFile = Main;
				INFOPLIST_KEY_UISupportedInterfaceOrientations_iPad = "UIInterfaceOrientationPortrait UIInterfaceOrientationPortraitUpsideDown UIInterfaceOrientationLandscapeLeft UIInterfaceOrientationLandscapeRight";
				INFOPLIST_KEY_UISupportedInterfaceOrientations_iPhone = "UIInterfaceOrientationPortrait UIInterfaceOrientationLandscapeLeft UIInterfaceOrientationLandscapeRight";
				LD_RUNPATH_SEARCH_PATHS = (
					"$(inherited)",
					"@executable_path/Frameworks",
				);
				MARKETING_VERSION = 1.0;
				PRODUCT_BUNDLE_IDENTIFIER = UHWO.HackwichTen;
				PRODUCT_NAME = "$(TARGET_NAME)";
				SWIFT_EMIT_LOC_STRINGS = YES;
				SWIFT_VERSION = 5.0;
				TARGETED_DEVICE_FAMILY = "1,2";
			};
			name = Debug;
		};
		EB2B1AE12AFD95C6009D5DD5 /* Release */ = {
			isa = XCBuildConfiguration;
			buildSettings = {
				ASSETCATALOG_COMPILER_APPICON_NAME = AppIcon;
				ASSETCATALOG_COMPILER_GLOBAL_ACCENT_COLOR_NAME = AccentColor;
				CODE_SIGN_STYLE = Automatic;
				CURRENT_PROJECT_VERSION = 1;
				DEVELOPMENT_TEAM = X33LGJYSV5;
				GENERATE_INFOPLIST_FILE = YES;
				INFOPLIST_FILE = HackwichTen/Info.plist;
				INFOPLIST_KEY_UIApplicationSupportsIndirectInputEvents = YES;
				INFOPLIST_KEY_UILaunchStoryboardName = LaunchScreen;
				INFOPLIST_KEY_UIMainStoryboardFile = Main;
				INFOPLIST_KEY_UISupportedInterfaceOrientations_iPad = "UIInterfaceOrientationPortrait UIInterfaceOrientationPortraitUpsideDown UIInterfaceOrientationLandscapeLeft UIInterfaceOrientationLandscapeRight";
				INFOPLIST_KEY_UISupportedInterfaceOrientations_iPhone = "UIInterfaceOrientationPortrait UIInterfaceOrientationLandscapeLeft UIInterfaceOrientationLandscapeRight";
				LD_RUNPATH_SEARCH_PATHS = (
					"$(inherited)",
					"@executable_path/Frameworks",
				);
				MARKETING_VERSION = 1.0;
				PRODUCT_BUNDLE_IDENTIFIER = UHWO.HackwichTen;
				PRODUCT_NAME = "$(TARGET_NAME)";
				SWIFT_EMIT_LOC_STRINGS = YES;
				SWIFT_VERSION = 5.0;
				TARGETED_DEVICE_FAMILY = "1,2";
			};
			name = Release;
		};
		EB2B1AE32AFD95C6009D5DD5 /* Debug */ = {
			isa = XCBuildConfiguration;
			buildSettings = {
				ALWAYS_EMBED_SWIFT_STANDARD_LIBRARIES = YES;
				BUNDLE_LOADER = "$(TEST_HOST)";
				CODE_SIGN_STYLE = Automatic;
				CURRENT_PROJECT_VERSION = 1;
				DEVELOPMENT_TEAM = X33LGJYSV5;
				GENERATE_INFOPLIST_FILE = YES;
				IPHONEOS_DEPLOYMENT_TARGET = 16.4;
				MARKETING_VERSION = 1.0;
				PRODUCT_BUNDLE_IDENTIFIER = UHWO.HackwichTenTests;
				PRODUCT_NAME = "$(TARGET_NAME)";
				SWIFT_EMIT_LOC_STRINGS = NO;
				SWIFT_VERSION = 5.0;
				TARGETED_DEVICE_FAMILY = "1,2";
				TEST_HOST = "$(BUILT_PRODUCTS_DIR)/HackwichTen.app/$(BUNDLE_EXECUTABLE_FOLDER_PATH)/HackwichTen";
			};
			name = Debug;
		};
		EB2B1AE42AFD95C6009D5DD5 /* Release */ = {
			isa = XCBuildConfiguration;
			buildSettings = {
				ALWAYS_EMBED_SWIFT_STANDARD_LIBRARIES = YES;
				BUNDLE_LOADER = "$(TEST_HOST)";
				CODE_SIGN_STYLE = Automatic;
				CURRENT_PROJECT_VERSION = 1;
				DEVELOPMENT_TEAM = X33LGJYSV5;
				GENERATE_INFOPLIST_FILE = YES;
				IPHONEOS_DEPLOYMENT_TARGET = 16.4;
				MARKETING_VERSION = 1.0;
				PRODUCT_BUNDLE_IDENTIFIER = UHWO.HackwichTenTests;
				PRODUCT_NAME = "$(TARGET_NAME)";
				SWIFT_EMIT_LOC_STRINGS = NO;
				SWIFT_VERSION = 5.0;
				TARGETED_DEVICE_FAMILY = "1,2";
				TEST_HOST = "$(BUILT_PRODUCTS_DIR)/HackwichTen.app/$(BUNDLE_EXECUTABLE_FOLDER_PATH)/HackwichTen";
			};
			name = Release;
		};
		EB2B1AE62AFD95C6009D5DD5 /* Debug */ = {
			isa = XCBuildConfiguration;
			buildSettings = {
				ALWAYS_EMBED_SWIFT_STANDARD_LIBRARIES = YES;
				CODE_SIGN_STYLE = Automatic;
				CURRENT_PROJECT_VERSION = 1;
				DEVELOPMENT_TEAM = X33LGJYSV5;
				GENERATE_INFOPLIST_FILE = YES;
				MARKETING_VERSION = 1.0;
				PRODUCT_BUNDLE_IDENTIFIER = UHWO.HackwichTenUITests;
				PRODUCT_NAME = "$(TARGET_NAME)";
				SWIFT_EMIT_LOC_STRINGS = NO;
				SWIFT_VERSION = 5.0;
				TARGETED_DEVICE_FAMILY = "1,2";
				TEST_TARGET_NAME = HackwichTen;
			};
			name = Debug;
		};
		EB2B1AE72AFD95C6009D5DD5 /* Release */ = {
			isa = XCBuildConfiguration;
			buildSettings = {
				ALWAYS_EMBED_SWIFT_STANDARD_LIBRARIES = YES;
				CODE_SIGN_STYLE = Automatic;
				CURRENT_PROJECT_VERSION = 1;
				DEVELOPMENT_TEAM = X33LGJYSV5;
				GENERATE_INFOPLIST_FILE = YES;
				MARKETING_VERSION = 1.0;
				PRODUCT_BUNDLE_IDENTIFIER = UHWO.HackwichTenUITests;
				PRODUCT_NAME = "$(TARGET_NAME)";
				SWIFT_EMIT_LOC_STRINGS = NO;
				SWIFT_VERSION = 5.0;
				TARGETED_DEVICE_FAMILY = "1,2";
				TEST_TARGET_NAME = HackwichTen;
			};
			name = Release;
		};
/* End XCBuildConfiguration section */

/* Begin XCConfigurationList section */
		EB2B1AB02AFD95C5009D5DD5 /* Build configuration list for PBXProject "HackwichTen" */ = {
			isa = XCConfigurationList;
			buildConfigurations = (
				EB2B1ADD2AFD95C6009D5DD5 /* Debug */,
				EB2B1ADE2AFD95C6009D5DD5 /* Release */,
			);
			defaultConfigurationIsVisible = 0;
			defaultConfigurationName = Release;
		};
		EB2B1ADF2AFD95C6009D5DD5 /* Build configuration list for PBXNativeTarget "HackwichTen" */ = {
			isa = XCConfigurationList;
			buildConfigurations = (
				EB2B1AE02AFD95C6009D5DD5 /* Debug */,
				EB2B1AE12AFD95C6009D5DD5 /* Release */,
			);
			defaultConfigurationIsVisible = 0;
			defaultConfigurationName = Release;
		};
		EB2B1AE22AFD95C6009D5DD5 /* Build configuration list for PBXNativeTarget "HackwichTenTests" */ = {
			isa = XCConfigurationList;
			buildConfigurations = (
				EB2B1AE32AFD95C6009D5DD5 /* Debug */,
				EB2B1AE42AFD95C6009D5DD5 /* Release */,
			);
			defaultConfigurationIsVisible = 0;
			defaultConfigurationName = Release;
		};
		EB2B1AE52AFD95C6009D5DD5 /* Build configuration list for PBXNativeTarget "HackwichTenUITests" */ = {
			isa = XCConfigurationList;
			buildConfigurations = (
				EB2B1AE62AFD95C6009D5DD5 /* Debug */,
				EB2B1AE72AFD95C6009D5DD5 /* Release */,
			);
			defaultConfigurationIsVisible = 0;
			defaultConfigurationName = Release;
		};
/* End XCConfigurationList section */
	};
	rootObject = EB2B1AAD2AFD95C5009D5DD5 /* Project object */;
}
